
Microsoft Visual Studio Solution File, Format Version 12.00
# Visual Studio Version 16
VisualStudioVersion = 16.0.32901.82
MinimumVisualStudioVersion = 10.0.40219.1
Project("{FAE04EC0-301F-11D3-BF4B-00C04F79EFBC}") = "zalomini_app", "zalomini_app\zalomini_app.csproj", "{AB429C90-8BD3-417C-BDB3-E26C744A9C0D}"
EndProject
Global
	GlobalSection(SolutionConfigurationPlatforms) = preSolution
		Debug|Any CPU = Debug|Any CPU
		Release|Any CPU = Release|Any CPU
	EndGlobalSection
	GlobalSection(ProjectConfigurationPlatforms) = postSolution
		{AB429C90-8BD3-417C-BDB3-E26C744A9C0D}.Debug|Any CPU.ActiveCfg = Debug|Any CPU
		{AB429C90-8BD3-417C-BDB3-E26C744A9C0D}.Debug|Any CPU.Build.0 = Debug|Any CPU
		{AB429C90-8BD3-417C-BDB3-E26C744A9C0D}.Release|Any CPU.ActiveCfg = Release|Any CPU
		{AB429C90-8BD3-417C-BDB3-E26C744A9C0D}.Release|Any CPU.Build.0 = Release|Any CPU
	EndGlobalSection
	GlobalSection(SolutionProperties) = preSolution
		HideSolutionNode = FALSE
	EndGlobalSection
	GlobalSection(ExtensibilityGlobals) = postSolution
		SolutionGuid = {54879D8E-4862-4E40-A4D5-707BDDAA2273}
	EndGlobalSection
EndGlobal
